
Microsoft Visual Studio Solution File, Format Version 12.00
Project("{FAE04EC0-301F-11D3-BF4B-00C04F79EFBC}") = "CarLineProject", "CarLineProject\CarLineProject.csproj", "{B274365F-C8D8-49AE-9FD1-E937D63271DE}"
EndProject
Project("{FAE04EC0-301F-11D3-BF4B-00C04F79EFBC}") = "CarLine.API", "CarLine.API\CarLine.API.csproj", "{59E8ADA2-1FF1-484E-B252-01147A5DD968}"
EndProject
Project("{FAE04EC0-301F-11D3-BF4B-00C04F79EFBC}") = "CarLine.Crawler", "CarLine.Crawler\CarLine.Crawler.csproj", "{BCE5F774-284C-40A9-B952-1FDE6F6D149B}"
EndProject
Project("{FAE04EC0-301F-11D3-BF4B-00C04F79EFBC}") = "CarLine.DataCleanUp", "CarLine.DataCleanUp\CarLine.DataCleanUp.csproj", "{60B2AC03-20E9-463F-9746-35B14CB4FAF4}"
EndProject
Project("{FAE04EC0-301F-11D3-BF4B-00C04F79EFBC}") = "CarLine.Common", "CarLine.Common\CarLine.Common.csproj", "{77C84929-47BE-4B6F-97B5-F935043FA819}"
EndProject
Project("{FAE04EC0-301F-11D3-BF4B-00C04F79EFBC}") = "CarLine.TrainingFunction", "CarLine.TrainingFunction\CarLine.TrainingFunction.csproj", "{8C8F3EAC-0813-4204-A94A-547001E6E153}"
EndProject
Project("{FAE04EC0-301F-11D3-BF4B-00C04F79EFBC}") = "CarLine.MLInterferenceService", "CarLine.MLInterferenceService\CarLine.MLInterferenceService.csproj", "{E08B50E8-F0BD-4EFD-9256-6989F0896A27}"
EndProject
Project("{FAE04EC0-301F-11D3-BF4B-00C04F79EFBC}") = "CarLine.PriceClassificationService", "CarLine.PriceClassificationService\CarLine.PriceClassificationService.csproj", "{62BDCD1E-D0C9-4AB5-AF8A-A10FE67FA0F6}"
EndProject
Project("{FAE04EC0-301F-11D3-BF4B-00C04F79EFBC}") = "CarLine.ExternalCarSellerStub", "CarLine.ExternalCarSellerStub\CarLine.ExternalCarSellerStub.csproj", "{704D4CDA-2221-46A5-88E7-CC6ABC7D14C8}"
EndProject
Project("{FAE04EC0-301F-11D3-BF4B-00C04F79EFBC}") = "CarLine.SubscriptionService", "CarLine.SubscriptionService\CarLine.SubscriptionService.csproj", "{83ABF9B2-CBD9-4D32-BB3B-EA657509F783}"
EndProject
Project("{FAE04EC0-301F-11D3-BF4B-00C04F79EFBC}") = "CarLine.Tests", "CarLine.Tests\CarLine.Tests.csproj", "{FAD63ABD-C636-4E5D-843A-10A931CE0E74}"
EndProject
Global
	GlobalSection(SolutionConfigurationPlatforms) = preSolution
		Debug|Any CPU = Debug|Any CPU
		Debug|x64 = Debug|x64
		Debug|x86 = Debug|x86
		Release|Any CPU = Release|Any CPU
		Release|x64 = Release|x64
		Release|x86 = Release|x86
	EndGlobalSection
	GlobalSection(ProjectConfigurationPlatforms) = postSolution
		{B274365F-C8D8-49AE-9FD1-E937D63271DE}.Debug|Any CPU.ActiveCfg = Debug|Any CPU
		{B274365F-C8D8-49AE-9FD1-E937D63271DE}.Debug|Any CPU.Build.0 = Debug|Any CPU
		{B274365F-C8D8-49AE-9FD1-E937D63271DE}.Debug|x64.ActiveCfg = Debug|Any CPU
		{B274365F-C8D8-49AE-9FD1-E937D63271DE}.Debug|x64.Build.0 = Debug|Any CPU
		{B274365F-C8D8-49AE-9FD1-E937D63271DE}.Debug|x86.ActiveCfg = Debug|Any CPU
		{B274365F-C8D8-49AE-9FD1-E937D63271DE}.Debug|x86.Build.0 = Debug|Any CPU
		{B274365F-C8D8-49AE-9FD1-E937D63271DE}.Release|Any CPU.ActiveCfg = Release|Any CPU
		{B274365F-C8D8-49AE-9FD1-E937D63271DE}.Release|Any CPU.Build.0 = Release|Any CPU
		{B274365F-C8D8-49AE-9FD1-E937D63271DE}.Release|x64.ActiveCfg = Release|Any CPU
		{B274365F-C8D8-49AE-9FD1-E937D63271DE}.Release|x64.Build.0 = Release|Any CPU
		{B274365F-C8D8-49AE-9FD1-E937D63271DE}.Release|x86.ActiveCfg = Release|Any CPU
		{B274365F-C8D8-49AE-9FD1-E937D63271DE}.Release|x86.Build.0 = Release|Any CPU
		{59E8ADA2-1FF1-484E-B252-01147A5DD968}.Debug|Any CPU.ActiveCfg = Debug|Any CPU
		{59E8ADA2-1FF1-484E-B252-01147A5DD968}.Debug|Any CPU.Build.0 = Debug|Any CPU
		{59E8ADA2-1FF1-484E-B252-01147A5DD968}.Debug|x64.ActiveCfg = Debug|Any CPU
		{59E8ADA2-1FF1-484E-B252-01147A5DD968}.Debug|x64.Build.0 = Debug|Any CPU
		{59E8ADA2-1FF1-484E-B252-01147A5DD968}.Debug|x86.ActiveCfg = Debug|Any CPU
		{59E8ADA2-1FF1-484E-B252-01147A5DD968}.Debug|x86.Build.0 = Debug|Any CPU
		{59E8ADA2-1FF1-484E-B252-01147A5DD968}.Release|Any CPU.ActiveCfg = Release|Any CPU
		{59E8ADA2-1FF1-484E-B252-01147A5DD968}.Release|Any CPU.Build.0 = Release|Any CPU
		{59E8ADA2-1FF1-484E-B252-01147A5DD968}.Release|x64.ActiveCfg = Release|Any CPU
		{59E8ADA2-1FF1-484E-B252-01147A5DD968}.Release|x64.Build.0 = Release|Any CPU
		{59E8ADA2-1FF1-484E-B252-01147A5DD968}.Release|x86.ActiveCfg = Release|Any CPU
		{59E8ADA2-1FF1-484E-B252-01147A5DD968}.Release|x86.Build.0 = Release|Any CPU
		{BCE5F774-284C-40A9-B952-1FDE6F6D149B}.Debug|Any CPU.ActiveCfg = Debug|Any CPU
		{BCE5F774-284C-40A9-B952-1FDE6F6D149B}.Debug|Any CPU.Build.0 = Debug|Any CPU
		{BCE5F774-284C-40A9-B952-1FDE6F6D149B}.Debug|x64.ActiveCfg = Debug|Any CPU
		{BCE5F774-284C-40A9-B952-1FDE6F6D149B}.Debug|x64.Build.0 = Debug|Any CPU
		{BCE5F774-284C-40A9-B952-1FDE6F6D149B}.Debug|x86.ActiveCfg = Debug|Any CPU
		{BCE5F774-284C-40A9-B952-1FDE6F6D149B}.Debug|x86.Build.0 = Debug|Any CPU
		{BCE5F774-284C-40A9-B952-1FDE6F6D149B}.Release|Any CPU.ActiveCfg = Release|Any CPU
		{BCE5F774-284C-40A9-B952-1FDE6F6D149B}.Release|Any CPU.Build.0 = Release|Any CPU
		{BCE5F774-284C-40A9-B952-1FDE6F6D149B}.Release|x64.ActiveCfg = Release|Any CPU
		{BCE5F774-284C-40A9-B952-1FDE6F6D149B}.Release|x64.Build.0 = Release|Any CPU
		{BCE5F774-284C-40A9-B952-1FDE6F6D149B}.Release|x86.ActiveCfg = Release|Any CPU
		{BCE5F774-284C-40A9-B952-1FDE6F6D149B}.Release|x86.Build.0 = Release|Any CPU
		{60B2AC03-20E9-463F-9746-35B14CB4FAF4}.Debug|Any CPU.ActiveCfg = Debug|Any CPU
		{60B2AC03-20E9-463F-9746-35B14CB4FAF4}.Debug|Any CPU.Build.0 = Debug|Any CPU
		{60B2AC03-20E9-463F-9746-35B14CB4FAF4}.Debug|x64.ActiveCfg = Debug|Any CPU
		{60B2AC03-20E9-463F-9746-35B14CB4FAF4}.Debug|x64.Build.0 = Debug|Any CPU
		{60B2AC03-20E9-463F-9746-35B14CB4FAF4}.Debug|x86.ActiveCfg = Debug|Any CPU
		{60B2AC03-20E9-463F-9746-35B14CB4FAF4}.Debug|x86.Build.0 = Debug|Any CPU
		{60B2AC03-20E9-463F-9746-35B14CB4FAF4}.Release|Any CPU.ActiveCfg = Release|Any CPU
		{60B2AC03-20E9-463F-9746-35B14CB4FAF4}.Release|Any CPU.Build.0 = Release|Any CPU
		{60B2AC03-20E9-463F-9746-35B14CB4FAF4}.Release|x64.ActiveCfg = Release|Any CPU
		{60B2AC03-20E9-463F-9746-35B14CB4FAF4}.Release|x64.Build.0 = Release|Any CPU
		{60B2AC03-20E9-463F-9746-35B14CB4FAF4}.Release|x86.ActiveCfg = Release|Any CPU
		{60B2AC03-20E9-463F-9746-35B14CB4FAF4}.Release|x86.Build.0 = Release|Any CPU
		{77C84929-47BE-4B6F-97B5-F935043FA819}.Debug|Any CPU.ActiveCfg = Debug|Any CPU
		{77C84929-47BE-4B6F-97B5-F935043FA819}.Debug|Any CPU.Build.0 = Debug|Any CPU
		{77C84929-47BE-4B6F-97B5-F935043FA819}.Debug|x64.ActiveCfg = Debug|Any CPU
		{77C84929-47BE-4B6F-97B5-F935043FA819}.Debug|x64.Build.0 = Debug|Any CPU
		{77C84929-47BE-4B6F-97B5-F935043FA819}.Debug|x86.ActiveCfg = Debug|Any CPU
		{77C84929-47BE-4B6F-97B5-F935043FA819}.Debug|x86.Build.0 = Debug|Any CPU
		{77C84929-47BE-4B6F-97B5-F935043FA819}.Release|Any CPU.ActiveCfg = Release|Any CPU
		{77C84929-47BE-4B6F-97B5-F935043FA819}.Release|Any CPU.Build.0 = Release|Any CPU
		{77C84929-47BE-4B6F-97B5-F935043FA819}.Release|x64.ActiveCfg = Release|Any CPU
		{77C84929-47BE-4B6F-97B5-F935043FA819}.Release|x64.Build.0 = Release|Any CPU
		{77C84929-47BE-4B6F-97B5-F935043FA819}.Release|x86.ActiveCfg = Release|Any CPU
		{77C84929-47BE-4B6F-97B5-F935043FA819}.Release|x86.Build.0 = Release|Any CPU
		{8C8F3EAC-0813-4204-A94A-547001E6E153}.Debug|Any CPU.ActiveCfg = Debug|Any CPU
		{8C8F3EAC-0813-4204-A94A-547001E6E153}.Debug|Any CPU.Build.0 = Debug|Any CPU
		{8C8F3EAC-0813-4204-A94A-547001E6E153}.Debug|x64.ActiveCfg = Debug|Any CPU
		{8C8F3EAC-0813-4204-A94A-547001E6E153}.Debug|x64.Build.0 = Debug|Any CPU
		{8C8F3EAC-0813-4204-A94A-547001E6E153}.Debug|x86.ActiveCfg = Debug|Any CPU
		{8C8F3EAC-0813-4204-A94A-547001E6E153}.Debug|x86.Build.0 = Debug|Any CPU
		{8C8F3EAC-0813-4204-A94A-547001E6E153}.Release|Any CPU.ActiveCfg = Release|Any CPU
		{8C8F3EAC-0813-4204-A94A-547001E6E153}.Release|Any CPU.Build.0 = Release|Any CPU
		{8C8F3EAC-0813-4204-A94A-547001E6E153}.Release|x64.ActiveCfg = Release|Any CPU
		{8C8F3EAC-0813-4204-A94A-547001E6E153}.Release|x64.Build.0 = Release|Any CPU
		{8C8F3EAC-0813-4204-A94A-547001E6E153}.Release|x86.ActiveCfg = Release|Any CPU
		{8C8F3EAC-0813-4204-A94A-547001E6E153}.Release|x86.Build.0 = Release|Any CPU
		{E08B50E8-F0BD-4EFD-9256-6989F0896A27}.Debug|Any CPU.ActiveCfg = Debug|Any CPU
		{E08B50E8-F0BD-4EFD-9256-6989F0896A27}.Debug|Any CPU.Build.0 = Debug|Any CPU
		{E08B50E8-F0BD-4EFD-9256-6989F0896A27}.Debug|x64.ActiveCfg = Debug|Any CPU
		{E08B50E8-F0BD-4EFD-9256-6989F0896A27}.Debug|x64.Build.0 = Debug|Any CPU
		{E08B50E8-F0BD-4EFD-9256-6989F0896A27}.Debug|x86.ActiveCfg = Debug|Any CPU
		{E08B50E8-F0BD-4EFD-9256-6989F0896A27}.Debug|x86.Build.0 = Debug|Any CPU
		{E08B50E8-F0BD-4EFD-9256-6989F0896A27}.Release|Any CPU.ActiveCfg = Release|Any CPU
		{E08B50E8-F0BD-4EFD-9256-6989F0896A27}.Release|Any CPU.Build.0 = Release|Any CPU
		{E08B50E8-F0BD-4EFD-9256-6989F0896A27}.Release|x64.ActiveCfg = Release|Any CPU
		{E08B50E8-F0BD-4EFD-9256-6989F0896A27}.Release|x64.Build.0 = Release|Any CPU
		{E08B50E8-F0BD-4EFD-9256-6989F0896A27}.Release|x86.ActiveCfg = Release|Any CPU
		{E08B50E8-F0BD-4EFD-9256-6989F0896A27}.Release|x86.Build.0 = Release|Any CPU
		{62BDCD1E-D0C9-4AB5-AF8A-A10FE67FA0F6}.Debug|Any CPU.ActiveCfg = Debug|Any CPU
		{62BDCD1E-D0C9-4AB5-AF8A-A10FE67FA0F6}.Debug|Any CPU.Build.0 = Debug|Any CPU
		{62BDCD1E-D0C9-4AB5-AF8A-A10FE67FA0F6}.Debug|x64.ActiveCfg = Debug|Any CPU
		{62BDCD1E-D0C9-4AB5-AF8A-A10FE67FA0F6}.Debug|x64.Build.0 = Debug|Any CPU
		{62BDCD1E-D0C9-4AB5-AF8A-A10FE67FA0F6}.Debug|x86.ActiveCfg = Debug|Any CPU
		{62BDCD1E-D0C9-4AB5-AF8A-A10FE67FA0F6}.Debug|x86.Build.0 = Debug|Any CPU
		{62BDCD1E-D0C9-4AB5-AF8A-A10FE67FA0F6}.Release|Any CPU.ActiveCfg = Release|Any CPU
		{62BDCD1E-D0C9-4AB5-AF8A-A10FE67FA0F6}.Release|Any CPU.Build.0 = Release|Any CPU
		{62BDCD1E-D0C9-4AB5-AF8A-A10FE67FA0F6}.Release|x64.ActiveCfg = Release|Any CPU
		{62BDCD1E-D0C9-4AB5-AF8A-A10FE67FA0F6}.Release|x64.Build.0 = Release|Any CPU
		{62BDCD1E-D0C9-4AB5-AF8A-A10FE67FA0F6}.Release|x86.ActiveCfg = Release|Any CPU
		{62BDCD1E-D0C9-4AB5-AF8A-A10FE67FA0F6}.Release|x86.Build.0 = Release|Any CPU
		{704D4CDA-2221-46A5-88E7-CC6ABC7D14C8}.Debug|Any CPU.ActiveCfg = Debug|Any CPU
		{704D4CDA-2221-46A5-88E7-CC6ABC7D14C8}.Debug|Any CPU.Build.0 = Debug|Any CPU
		{704D4CDA-2221-46A5-88E7-CC6ABC7D14C8}.Debug|x64.ActiveCfg = Debug|Any CPU
		{704D4CDA-2221-46A5-88E7-CC6ABC7D14C8}.Debug|x64.Build.0 = Debug|Any CPU
		{704D4CDA-2221-46A5-88E7-CC6ABC7D14C8}.Debug|x86.ActiveCfg = Debug|Any CPU
		{704D4CDA-2221-46A5-88E7-CC6ABC7D14C8}.Debug|x86.Build.0 = Debug|Any CPU
		{704D4CDA-2221-46A5-88E7-CC6ABC7D14C8}.Release|Any CPU.ActiveCfg = Release|Any CPU
		{704D4CDA-2221-46A5-88E7-CC6ABC7D14C8}.Release|Any CPU.Build.0 = Release|Any CPU
		{704D4CDA-2221-46A5-88E7-CC6ABC7D14C8}.Release|x64.ActiveCfg = Release|Any CPU
		{704D4CDA-2221-46A5-88E7-CC6ABC7D14C8}.Release|x64.Build.0 = Release|Any CPU
		{704D4CDA-2221-46A5-88E7-CC6ABC7D14C8}.Release|x86.ActiveCfg = Release|Any CPU
		{704D4CDA-2221-46A5-88E7-CC6ABC7D14C8}.Release|x86.Build.0 = Release|Any CPU
		{83ABF9B2-CBD9-4D32-BB3B-EA657509F783}.Debug|Any CPU.ActiveCfg = Debug|Any CPU
		{83ABF9B2-CBD9-4D32-BB3B-EA657509F783}.Debug|Any CPU.Build.0 = Debug|Any CPU
		{83ABF9B2-CBD9-4D32-BB3B-EA657509F783}.Debug|x64.ActiveCfg = Debug|Any CPU
		{83ABF9B2-CBD9-4D32-BB3B-EA657509F783}.Debug|x64.Build.0 = Debug|Any CPU
		{83ABF9B2-CBD9-4D32-BB3B-EA657509F783}.Debug|x86.ActiveCfg = Debug|Any CPU
		{83ABF9B2-CBD9-4D32-BB3B-EA657509F783}.Debug|x86.Build.0 = Debug|Any CPU
		{83ABF9B2-CBD9-4D32-BB3B-EA657509F783}.Release|Any CPU.ActiveCfg = Release|Any CPU
		{83ABF9B2-CBD9-4D32-BB3B-EA657509F783}.Release|Any CPU.Build.0 = Release|Any CPU
		{83ABF9B2-CBD9-4D32-BB3B-EA657509F783}.Release|x64.ActiveCfg = Release|Any CPU
		{83ABF9B2-CBD9-4D32-BB3B-EA657509F783}.Release|x64.Build.0 = Release|Any CPU
		{83ABF9B2-CBD9-4D32-BB3B-EA657509F783}.Release|x86.ActiveCfg = Release|Any CPU
		{83ABF9B2-CBD9-4D32-BB3B-EA657509F783}.Release|x86.Build.0 = Release|Any CPU
		{FAD63ABD-C636-4E5D-843A-10A931CE0E74}.Debug|Any CPU.ActiveCfg = Debug|Any CPU
		{FAD63ABD-C636-4E5D-843A-10A931CE0E74}.Debug|Any CPU.Build.0 = Debug|Any CPU
		{FAD63ABD-C636-4E5D-843A-10A931CE0E74}.Debug|x64.ActiveCfg = Debug|Any CPU
		{FAD63ABD-C636-4E5D-843A-10A931CE0E74}.Debug|x64.Build.0 = Debug|Any CPU
		{FAD63ABD-C636-4E5D-843A-10A931CE0E74}.Debug|x86.ActiveCfg = Debug|Any CPU
		{FAD63ABD-C636-4E5D-843A-10A931CE0E74}.Debug|x86.Build.0 = Debug|Any CPU
		{FAD63ABD-C636-4E5D-843A-10A931CE0E74}.Release|Any CPU.ActiveCfg = Release|Any CPU
		{FAD63ABD-C636-4E5D-843A-10A931CE0E74}.Release|Any CPU.Build.0 = Release|Any CPU
		{FAD63ABD-C636-4E5D-843A-10A931CE0E74}.Release|x64.ActiveCfg = Release|Any CPU
		{FAD63ABD-C636-4E5D-843A-10A931CE0E74}.Release|x64.Build.0 = Release|Any CPU
		{FAD63ABD-C636-4E5D-843A-10A931CE0E74}.Release|x86.ActiveCfg = Release|Any CPU
		{FAD63ABD-C636-4E5D-843A-10A931CE0E74}.Release|x86.Build.0 = Release|Any CPU
	EndGlobalSection
	GlobalSection(SolutionProperties) = preSolution
		HideSolutionNode = FALSE
	EndGlobalSection
EndGlobal
